// !$*UTF8*$!
{
	archiveVersion = 1;
	classes = {
	};
	objectVersion = 56;
	objects = {

/* Begin PBXBuildFile section */
		1CD9C31B981820895F2CC372 /* Pods_tccc_agent_ios_example.framework in Frameworks */ = {isa = PBXBuildFile; fileRef = FA3735E61C8DBC28538FC1A5 /* Pods_tccc_agent_ios_example.framework */; };
		E104B2792BA934BD00BBCF30 /* ViewController.m in Sources */ = {isa = PBXBuildFile; fileRef = E104B2782BA934BD00BBCF30 /* ViewController.m */; };
		E1ABD0282B81C09A00ADBBA4 /* TXFFmpeg.xcframework in Frameworks */ = {isa = PBXBuildFile; fileRef = E1ABD0272B81C09A00ADBBA4 /* TXFFmpeg.xcframework */; };
		E1ABD02A2B81C0A600ADBBA4 /* TXSoundTouch.xcframework in Frameworks */ = {isa = PBXBuildFile; fileRef = E1ABD0292B81C0A600ADBBA4 /* TXSoundTouch.xcframework */; };
		E1C0C9C12B2AA20700639C21 /* AppDelegate.m in Sources */ = {isa = PBXBuildFile; fileRef = E1C0C9C02B2AA20700639C21 /* AppDelegate.m */; };
		E1C0C9C42B2AA20700639C21 /* SceneDelegate.m in Sources */ = {isa = PBXBuildFile; fileRef = E1C0C9C32B2AA20700639C21 /* SceneDelegate.m */; };
		E1C0C9CA2B2AA20700639C21 /* Main.storyboard in Resources */ = {isa = PBXBuildFile; fileRef = E1C0C9C82B2AA20700639C21 /* Main.storyboard */; };
		E1C0C9CD2B2AA20700639C21 /* tccc_agent_ios_example.xcdatamodeld in Sources */ = {isa = PBXBuildFile; fileRef = E1C0C9CB2B2AA20700639C21 /* tccc_agent_ios_example.xcdatamodeld */; };
		E1C0C9CF2B2AA20900639C21 /* Assets.xcassets in Resources */ = {isa = PBXBuildFile; fileRef = E1C0C9CE2B2AA20900639C21 /* Assets.xcassets */; };
		E1C0C9D22B2AA20900639C21 /* LaunchScreen.storyboard in Resources */ = {isa = PBXBuildFile; fileRef = E1C0C9D02B2AA20900639C21 /* LaunchScreen.storyboard */; };
		E1C0C9D52B2AA20900639C21 /* main.m in Sources */ = {isa = PBXBuildFile; fileRef = E1C0C9D42B2AA20900639C21 /* main.m */; };
		E1C0C9E02B2AA2DB00639C21 /* GenerateTestUserToken.m in Sources */ = {isa = PBXBuildFile; fileRef = E1C0C9DF2B2AA2DB00639C21 /* GenerateTestUserToken.m */; };
/* End PBXBuildFile section */

/* Begin PBXFileReference section */
		77233312CB2703221DEA05D7 /* Pods-tccc-agent-ios-example.debug.xcconfig */ = {isa = PBXFileReference; includeInIndex = 1; lastKnownFileType = text.xcconfig; name = "Pods-tccc-agent-ios-example.debug.xcconfig"; path = "Target Support Files/Pods-tccc-agent-ios-example/Pods-tccc-agent-ios-example.debug.xcconfig"; sourceTree = "<group>"; };
		E104B2782BA934BD00BBCF30 /* ViewController.m */ = {isa = PBXFileReference; lastKnownFileType = sourcecode.c.objc; path = ViewController.m; sourceTree = "<group>"; };
		E1ABD0272B81C09A00ADBBA4 /* TXFFmpeg.xcframework */ = {isa = PBXFileReference; lastKnownFileType = wrapper.xcframework; name = TXFFmpeg.xcframework; path = Pods/TCCCSDK_Ios/TCCCSDK/TXFFmpeg.xcframework; sourceTree = "<group>"; };
		E1ABD0292B81C0A600ADBBA4 /* TXSoundTouch.xcframework */ = {isa = PBXFileReference; lastKnownFileType = wrapper.xcframework; name = TXSoundTouch.xcframework; path = Pods/TCCCSDK_Ios/TCCCSDK/TXSoundTouch.xcframework; sourceTree = "<group>"; };
		E1C0C9BC2B2AA20700639C21 /* tccc-agent-ios-example.app */ = {isa = PBXFileReference; explicitFileType = wrapper.application; includeInIndex = 0; path = "tccc-agent-ios-example.app"; sourceTree = BUILT_PRODUCTS_DIR; };
		E1C0C9BF2B2AA20700639C21 /* AppDelegate.h */ = {isa = PBXFileReference; lastKnownFileType = sourcecode.c.h; path = AppDelegate.h; sourceTree = "<group>"; };
		E1C0C9C02B2AA20700639C21 /* AppDelegate.m */ = {isa = PBXFileReference; lastKnownFileType = sourcecode.c.objc; path = AppDelegate.m; sourceTree = "<group>"; };
		E1C0C9C22B2AA20700639C21 /* SceneDelegate.h */ = {isa = PBXFileReference; lastKnownFileType = sourcecode.c.h; path = SceneDelegate.h; sourceTree = "<group>"; };
		E1C0C9C32B2AA20700639C21 /* SceneDelegate.m */ = {isa = PBXFileReference; lastKnownFileType = sourcecode.c.objc; path = SceneDelegate.m; sourceTree = "<group>"; };
		E1C0C9C52B2AA20700639C21 /* ViewController.h */ = {isa = PBXFileReference; lastKnownFileType = sourcecode.c.h; path = ViewController.h; sourceTree = "<group>"; };
		E1C0C9C92B2AA20700639C21 /* Base */ = {isa = PBXFileReference; lastKnownFileType = file.storyboard; name = Base; path = Base.lproj/Main.storyboard; sourceTree = "<group>"; };
		E1C0C9CC2B2AA20700639C21 /* tccc_agent_ios_example.xcdatamodel */ = {isa = PBXFileReference; lastKnownFileType = wrapper.xcdatamodel; path = tccc_agent_ios_example.xcdatamodel; sourceTree = "<group>"; };
		E1C0C9CE2B2AA20900639C21 /* Assets.xcassets */ = {isa = PBXFileReference; lastKnownFileType = folder.assetcatalog; path = Assets.xcassets; sourceTree = "<group>"; };
		E1C0C9D12B2AA20900639C21 /* Base */ = {isa = PBXFileReference; lastKnownFileType = file.storyboard; name = Base; path = Base.lproj/LaunchScreen.storyboard; sourceTree = "<group>"; };
		E1C0C9D32B2AA20900639C21 /* Info.plist */ = {isa = PBXFileReference; lastKnownFileType = text.plist.xml; path = Info.plist; sourceTree = "<group>"; };
		E1C0C9D42B2AA20900639C21 /* main.m */ = {isa = PBXFileReference; lastKnownFileType = sourcecode.c.objc; path = main.m; sourceTree = "<group>"; };
		E1C0C9DE2B2AA2DB00639C21 /* GenerateTestUserToken.h */ = {isa = PBXFileReference; fileEncoding = 4; lastKnownFileType = sourcecode.c.h; path = GenerateTestUserToken.h; sourceTree = "<group>"; };
		E1C0C9DF2B2AA2DB00639C21 /* GenerateTestUserToken.m */ = {isa = PBXFileReference; fileEncoding = 4; lastKnownFileType = sourcecode.c.objc; path = GenerateTestUserToken.m; sourceTree = "<group>"; };
		E72601F9D834C6D25B037BB5 /* Pods-tccc-agent-ios-example.release.xcconfig */ = {isa = PBXFileReference; includeInIndex = 1; lastKnownFileType = text.xcconfig; name = "Pods-tccc-agent-ios-example.release.xcconfig"; path = "Target Support Files/Pods-tccc-agent-ios-example/Pods-tccc-agent-ios-example.release.xcconfig"; sourceTree = "<group>"; };
		FA3735E61C8DBC28538FC1A5 /* Pods_tccc_agent_ios_example.framework */ = {isa = PBXFileReference; explicitFileType = wrapper.framework; includeInIndex = 0; path = Pods_tccc_agent_ios_example.framework; sourceTree = BUILT_PRODUCTS_DIR; };
/* End PBXFileReference section */

/* Begin PBXFrameworksBuildPhase section */
		E1C0C9B92B2AA20700639C21 /* Frameworks */ = {
			isa = PBXFrameworksBuildPhase;
			buildActionMask = 2147483647;
			files = (
				E1ABD02A2B81C0A600ADBBA4 /* TXSoundTouch.xcframework in Frameworks */,
				E1ABD0282B81C09A00ADBBA4 /* TXFFmpeg.xcframework in Frameworks */,
				1CD9C31B981820895F2CC372 /* Pods_tccc_agent_ios_example.framework in Frameworks */,
			);
			runOnlyForDeploymentPostprocessing = 0;
		};
/* End PBXFrameworksBuildPhase section */

/* Begin PBXGroup section */
		0A26189847ED93D0AE0930E1 /* Pods */ = {
			isa = PBXGroup;
			children = (
				77233312CB2703221DEA05D7 /* Pods-tccc-agent-ios-example.debug.xcconfig */,
				E72601F9D834C6D25B037BB5 /* Pods-tccc-agent-ios-example.release.xcconfig */,
			);
			path = Pods;
			sourceTree = "<group>";
		};
		DC0AB0A565F07B7DA9CA3042 /* Frameworks */ = {
			isa = PBXGroup;
			children = (
				E1ABD0292B81C0A600ADBBA4 /* TXSoundTouch.xcframework */,
				E1ABD0272B81C09A00ADBBA4 /* TXFFmpeg.xcframework */,
				FA3735E61C8DBC28538FC1A5 /* Pods_tccc_agent_ios_example.framework */,
			);
			name = Frameworks;
			sourceTree = "<group>";
		};
		E1C0C9B32B2AA20700639C21 = {
			isa = PBXGroup;
			children = (
				E1C0C9BE2B2AA20700639C21 /* tccc-agent-ios-example */,
				E1C0C9BD2B2AA20700639C21 /* Products */,
				0A26189847ED93D0AE0930E1 /* Pods */,
				DC0AB0A565F07B7DA9CA3042 /* Frameworks */,
			);
			sourceTree = "<group>";
		};
		E1C0C9BD2B2AA20700639C21 /* Products */ = {
			isa = PBXGroup;
			children = (
				E1C0C9BC2B2AA20700639C21 /* tccc-agent-ios-example.app */,
			);
			name = Products;
			sourceTree = "<group>";
		};
		E1C0C9BE2B2AA20700639C21 /* tccc-agent-ios-example */ = {
			isa = PBXGroup;
			children = (
				E1C0C9DD2B2AA2A000639C21 /* Debug */,
				E1C0C9BF2B2AA20700639C21 /* AppDelegate.h */,
				E1C0C9C02B2AA20700639C21 /* AppDelegate.m */,
				E1C0C9C22B2AA20700639C21 /* SceneDelegate.h */,
				E1C0C9C32B2AA20700639C21 /* SceneDelegate.m */,
				E1C0C9C52B2AA20700639C21 /* ViewController.h */,
				E1C0C9C82B2AA20700639C21 /* Main.storyboard */,
				E1C0C9CE2B2AA20900639C21 /* Assets.xcassets */,
				E1C0C9D02B2AA20900639C21 /* LaunchScreen.storyboard */,
				E1C0C9D32B2AA20900639C21 /* Info.plist */,
				E1C0C9D42B2AA20900639C21 /* main.m */,
				E1C0C9CB2B2AA20700639C21 /* tccc_agent_ios_example.xcdatamodeld */,
				E104B2782BA934BD00BBCF30 /* ViewController.m */,
			);
			path = "tccc-agent-ios-example";
			sourceTree = "<group>";
		};
		E1C0C9DD2B2AA2A000639C21 /* Debug */ = {
			isa = PBXGroup;
			children = (
				E1C0C9DE2B2AA2DB00639C21 /* GenerateTestUserToken.h */,
				E1C0C9DF2B2AA2DB00639C21 /* GenerateTestUserToken.m */,
			);
			path = Debug;
			sourceTree = "<group>";
		};
/* End PBXGroup section */

/* Begin PBXNativeTarget section */
		E1C0C9BB2B2AA20700639C21 /* tccc-agent-ios-example */ = {
			isa = PBXNativeTarget;
			buildConfigurationList = E1C0C9D82B2AA20900639C21 /* Build configuration list for PBXNativeTarget "tccc-agent-ios-example" */;
			buildPhases = (
				017E7BD57E396A4A87705211 /* [CP] Check Pods Manifest.lock */,
				E1C0C9B82B2AA20700639C21 /* Sources */,
				E1C0C9B92B2AA20700639C21 /* Frameworks */,
				E1C0C9BA2B2AA20700639C21 /* Resources */,
				43665D7931C3C7A9EB32DADE /* [CP] Embed Pods Frameworks */,
			);
			buildRules = (
			);
			dependencies = (
			);
			name = "tccc-agent-ios-example";
			productName = "tccc-agent-ios-example";
			productReference = E1C0C9BC2B2AA20700639C21 /* tccc-agent-ios-example.app */;
			productType = "com.apple.product-type.application";
		};
/* End PBXNativeTarget section */

/* Begin PBXProject section */
		E1C0C9B42B2AA20700639C21 /* Project object */ = {
			isa = PBXProject;
			attributes = {
				BuildIndependentTargetsInParallel = 1;
				LastUpgradeCheck = 1500;
				TargetAttributes = {
					E1C0C9BB2B2AA20700639C21 = {
						CreatedOnToolsVersion = 15.0.1;
					};
				};
			};
			buildConfigurationList = E1C0C9B72B2AA20700639C21 /* Build configuration list for PBXProject "tccc-agent-ios-example" */;
			compatibilityVersion = "Xcode 14.0";
			developmentRegion = en;
			hasScannedForEncodings = 0;
			knownRegions = (
				en,
				Base,
			);
			mainGroup = E1C0C9B32B2AA20700639C21;
			productRefGroup = E1C0C9BD2B2AA20700639C21 /* Products */;
			projectDirPath = "";
			projectRoot = "";
			targets = (
				E1C0C9BB2B2AA20700639C21 /* tccc-agent-ios-example */,
			);
		};
/* End PBXProject section */

/* Begin PBXResourcesBuildPhase section */
		E1C0C9BA2B2AA20700639C21 /* Resources */ = {
			isa = PBXResourcesBuildPhase;
			buildActionMask = 2147483647;
			files = (
				E1C0C9D22B2AA20900639C21 /* LaunchScreen.storyboard in Resources */,
				E1C0C9CF2B2AA20900639C21 /* Assets.xcassets in Resources */,
				E1C0C9CA2B2AA20700639C21 /* Main.storyboard in Resources */,
			);
			runOnlyForDeploymentPostprocessing = 0;
		};
/* End PBXResourcesBuildPhase section */

/* Begin PBXShellScriptBuildPhase section */
		017E7BD57E396A4A87705211 /* [CP] Check Pods Manifest.lock */ = {
			isa = PBXShellScriptBuildPhase;
			buildActionMask = 2147483647;
			files = (
			);
			inputFileListPaths = (
			);
			inputPaths = (
				"${PODS_PODFILE_DIR_PATH}/Podfile.lock",
				"${PODS_ROOT}/Manifest.lock",
			);
			name = "[CP] Check Pods Manifest.lock";
			outputFileListPaths = (
			);
			outputPaths = (
				"$(DERIVED_FILE_DIR)/Pods-tccc-agent-ios-example-checkManifestLockResult.txt",
			);
			runOnlyForDeploymentPostprocessing = 0;
			shellPath = /bin/sh;
			shellScript = "diff \"${PODS_PODFILE_DIR_PATH}/Podfile.lock\" \"${PODS_ROOT}/Manifest.lock\" > /dev/null\nif [ $? != 0 ] ; then\n    # print error to STDERR\n    echo \"error: The sandbox is not in sync with the Podfile.lock. Run 'pod install' or update your CocoaPods installation.\" >&2\n    exit 1\nfi\n# This output is used by Xcode 'outputs' to avoid re-running this script phase.\necho \"SUCCESS\" > \"${SCRIPT_OUTPUT_FILE_0}\"\n";
			showEnvVarsInLog = 0;
		};
		43665D7931C3C7A9EB32DADE /* [CP] Embed Pods Frameworks */ = {
			isa = PBXShellScriptBuildPhase;
			buildActionMask = 2147483647;
			files = (
			);
			inputFileListPaths = (
				"${PODS_ROOT}/Target Support Files/Pods-tccc-agent-ios-example/Pods-tccc-agent-ios-example-frameworks-${CONFIGURATION}-input-files.xcfilelist",
			);
			name = "[CP] Embed Pods Frameworks";
			outputFileListPaths = (
				"${PODS_ROOT}/Target Support Files/Pods-tccc-agent-ios-example/Pods-tccc-agent-ios-example-frameworks-${CONFIGURATION}-output-files.xcfilelist",
			);
			runOnlyForDeploymentPostprocessing = 0;
			shellPath = /bin/sh;
			shellScript = "\"${PODS_ROOT}/Target Support Files/Pods-tccc-agent-ios-example/Pods-tccc-agent-ios-example-frameworks.sh\"\n";
			showEnvVarsInLog = 0;
		};
/* End PBXShellScriptBuildPhase section */

/* Begin PBXSourcesBuildPhase section */
		E1C0C9B82B2AA20700639C21 /* Sources */ = {
			isa = PBXSourcesBuildPhase;
			buildActionMask = 2147483647;
			files = (
				E104B2792BA934BD00BBCF30 /* ViewController.m in Sources */,
				E1C0C9D52B2AA20900639C21 /* main.m in Sources */,
				E1C0C9E02B2AA2DB00639C21 /* GenerateTestUserToken.m in Sources */,
				E1C0C9C12B2AA20700639C21 /* AppDelegate.m in Sources */,
				E1C0C9C42B2AA20700639C21 /* SceneDelegate.m in Sources */,
				E1C0C9CD2B2AA20700639C21 /* tccc_agent_ios_example.xcdatamodeld in Sources */,
			);
			runOnlyForDeploymentPostprocessing = 0;
		};
/* End PBXSourcesBuildPhase section */

/* Begin PBXVariantGroup section */
		E1C0C9C82B2AA20700639C21 /* Main.storyboard */ = {
			isa = PBXVariantGroup;
			children = (
				E1C0C9C92B2AA20700639C21 /* Base */,
			);
			name = Main.storyboard;
			sourceTree = "<group>";
		};
		E1C0C9D02B2AA20900639C21 /* LaunchScreen.storyboard */ = {
			isa = PBXVariantGroup;
			children = (
				E1C0C9D12B2AA20900639C21 /* Base */,
			);
			name = LaunchScreen.storyboard;
			sourceTree = "<group>";
		};
/* End PBXVariantGroup section */

/* Begin XCBuildConfiguration section */
		E1C0C9D62B2AA20900639C21 /* Debug */ = {
			isa = XCBuildConfiguration;
			buildSettings = {
				ALWAYS_SEARCH_USER_PATHS = NO;
				ASSETCATALOG_COMPILER_GENERATE_SWIFT_ASSET_SYMBOL_EXTENSIONS = YES;
				CLANG_ANALYZER_NONNULL = YES;
				CLANG_ANALYZER_NUMBER_OBJECT_CONVERSION = YES_AGGRESSIVE;
				CLANG_CXX_LANGUAGE_STANDARD = "gnu++20";
				CLANG_ENABLE_MODULES = YES;
				CLANG_ENABLE_OBJC_ARC = YES;
				CLANG_ENABLE_OBJC_WEAK = YES;
				CLANG_WARN_BLOCK_CAPTURE_AUTORELEASING = YES;
				CLANG_WARN_BOOL_CONVERSION = YES;
				CLANG_WARN_COMMA = YES;
				CLANG_WARN_CONSTANT_CONVERSION = YES;
				CLANG_WARN_DEPRECATED_OBJC_IMPLEMENTATIONS = YES;
				CLANG_WARN_DIRECT_OBJC_ISA_USAGE = YES_ERROR;
				CLANG_WARN_DOCUMENTATION_COMMENTS = YES;
				CLANG_WARN_EMPTY_BODY = YES;
				CLANG_WARN_ENUM_CONVERSION = YES;
				CLANG_WARN_INFINITE_RECURSION = YES;
				CLANG_WARN_INT_CONVERSION = YES;
				CLANG_WARN_NON_LITERAL_NULL_CONVERSION = YES;
				CLANG_WARN_OBJC_IMPLICIT_RETAIN_SELF = YES;
				CLANG_WARN_OBJC_LITERAL_CONVERSION = YES;
				CLANG_WARN_OBJC_ROOT_CLASS = YES_ERROR;
				CLANG_WARN_QUOTED_INCLUDE_IN_FRAMEWORK_HEADER = YES;
				CLANG_WARN_RANGE_LOOP_ANALYSIS = YES;
				CLANG_WARN_STRICT_PROTOTYPES = YES;
				CLANG_WARN_SUSPICIOUS_MOVE = YES;
				CLANG_WARN_UNGUARDED_AVAILABILITY = YES_AGGRESSIVE;
				CLANG_WARN_UNREACHABLE_CODE = YES;
				CLANG_WARN__DUPLICATE_METHOD_MATCH = YES;
				COPY_PHASE_STRIP = NO;
				DEBUG_INFORMATION_FORMAT = dwarf;
				ENABLE_STRICT_OBJC_MSGSEND = YES;
				ENABLE_TESTABILITY = YES;
				ENABLE_USER_SCRIPT_SANDBOXING = NO;
				"EXCLUDED_ARCHS[sdk=iphonesimulator*]" = arm64;
				GCC_C_LANGUAGE_STANDARD = gnu17;
				GCC_DYNAMIC_NO_PIC = NO;
				GCC_NO_COMMON_BLOCKS = YES;
				GCC_OPTIMIZATION_LEVEL = 0;
				GCC_PREPROCESSOR_DEFINITIONS = (
					"DEBUG=1",
					"$(inherited)",
				);
				GCC_WARN_64_TO_32_BIT_CONVERSION = YES;
				GCC_WARN_ABOUT_RETURN_TYPE = YES_ERROR;
				GCC_WARN_UNDECLARED_SELECTOR = YES;
				GCC_WARN_UNINITIALIZED_AUTOS = YES_AGGRESSIVE;
				GCC_WARN_UNUSED_FUNCTION = YES;
				GCC_WARN_UNUSED_VARIABLE = YES;
				IPHONEOS_DEPLOYMENT_TARGET = 16.0;
				LOCALIZATION_PREFERS_STRING_CATALOGS = YES;
				MTL_ENABLE_DEBUG_INFO = INCLUDE_SOURCE;
				MTL_FAST_MATH = YES;
				ONLY_ACTIVE_ARCH = YES;
				SDKROOT = iphoneos;
			};
			name = Debug;
		};
		E1C0C9D72B2AA20900639C21 /* Release */ = {
			isa = XCBuildConfiguration;
			buildSettings = {
				ALWAYS_SEARCH_USER_PATHS = NO;
				ASSETCATALOG_COMPILER_GENERATE_SWIFT_ASSET_SYMBOL_EXTENSIONS = YES;
				CLANG_ANALYZER_NONNULL = YES;
				CLANG_ANALYZER_NUMBER_OBJECT_CONVERSION = YES_AGGRESSIVE;
				CLANG_CXX_LANGUAGE_STANDARD = "gnu++20";
				CLANG_ENABLE_MODULES = YES;
				CLANG_ENABLE_OBJC_ARC = YES;
				CLANG_ENABLE_OBJC_WEAK = YES;
				CLANG_WARN_BLOCK_CAPTURE_AUTORELEASING = YES;
				CLANG_WARN_BOOL_CONVERSION = YES;
				CLANG_WARN_COMMA = YES;
				CLANG_WARN_CONSTANT_CONVERSION = YES;
				CLANG_WARN_DEPRECATED_OBJC_IMPLEMENTATIONS = YES;
				CLANG_WARN_DIRECT_OBJC_ISA_USAGE = YES_ERROR;
				CLANG_WARN_DOCUMENTATION_COMMENTS = YES;
				CLANG_WARN_EMPTY_BODY = YES;
				CLANG_WARN_ENUM_CONVERSION = YES;
				CLANG_WARN_INFINITE_RECURSION = YES;
				CLANG_WARN_INT_CONVERSION = YES;
				CLANG_WARN_NON_LITERAL_NULL_CONVERSION = YES;
				CLANG_WARN_OBJC_IMPLICIT_RETAIN_SELF = YES;
				CLANG_WARN_OBJC_LITERAL_CONVERSION = YES;
				CLANG_WARN_OBJC_ROOT_CLASS = YES_ERROR;
				CLANG_WARN_QUOTED_INCLUDE_IN_FRAMEWORK_HEADER = YES;
				CLANG_WARN_RANGE_LOOP_ANALYSIS = YES;
				CLANG_WARN_STRICT_PROTOTYPES = YES;
				CLANG_WARN_SUSPICIOUS_MOVE = YES;
				CLANG_WARN_UNGUARDED_AVAILABILITY = YES_AGGRESSIVE;
				CLANG_WARN_UNREACHABLE_CODE = YES;
				CLANG_WARN__DUPLICATE_METHOD_MATCH = YES;
				COPY_PHASE_STRIP = NO;
				DEBUG_INFORMATION_FORMAT = "dwarf-with-dsym";
				ENABLE_NS_ASSERTIONS = NO;
				ENABLE_STRICT_OBJC_MSGSEND = YES;
				ENABLE_USER_SCRIPT_SANDBOXING = NO;
				"EXCLUDED_ARCHS[sdk=iphonesimulator*]" = arm64;
				GCC_C_LANGUAGE_STANDARD = gnu17;
				GCC_NO_COMMON_BLOCKS = YES;
				GCC_WARN_64_TO_32_BIT_CONVERSION = YES;
				GCC_WARN_ABOUT_RETURN_TYPE = YES_ERROR;
				GCC_WARN_UNDECLARED_SELECTOR = YES;
				GCC_WARN_UNINITIALIZED_AUTOS = YES_AGGRESSIVE;
				GCC_WARN_UNUSED_FUNCTION = YES;
				GCC_WARN_UNUSED_VARIABLE = YES;
				IPHONEOS_DEPLOYMENT_TARGET = 16.0;
				LOCALIZATION_PREFERS_STRING_CATALOGS = YES;
				MTL_ENABLE_DEBUG_INFO = NO;
				MTL_FAST_MATH = YES;
				SDKROOT = iphoneos;
				VALIDATE_PRODUCT = YES;
			};
			name = Release;
		};
		E1C0C9D92B2AA20900639C21 /* Debug */ = {
			isa = XCBuildConfiguration;
			baseConfigurationReference = 77233312CB2703221DEA05D7 /* Pods-tccc-agent-ios-example.debug.xcconfig */;
			buildSettings = {
				ASSETCATALOG_COMPILER_APPICON_NAME = AppIcon;
				ASSETCATALOG_COMPILER_GLOBAL_ACCENT_COLOR_NAME = AccentColor;
				"CODE_SIGN_IDENTITY[sdk=iphoneos*]" = "iPhone Developer";
				CODE_SIGN_STYLE = Manual;
				CURRENT_PROJECT_VERSION = 1;
				DEVELOPMENT_TEAM = "";
				"DEVELOPMENT_TEAM[sdk=iphoneos*]" = FN2V63AD2J;
				GENERATE_INFOPLIST_FILE = YES;
				INFOPLIST_FILE = "tccc-agent-ios-example/Info.plist";
				INFOPLIST_KEY_NSMicrophoneUsageDescription = "需要访问麦克风，才可以正常通话";
				INFOPLIST_KEY_UIApplicationSupportsIndirectInputEvents = YES;
				INFOPLIST_KEY_UILaunchStoryboardName = LaunchScreen;
				INFOPLIST_KEY_UIMainStoryboardFile = Main;
				INFOPLIST_KEY_UISupportedInterfaceOrientations_iPad = "UIInterfaceOrientationPortrait UIInterfaceOrientationPortraitUpsideDown UIInterfaceOrientationLandscapeLeft UIInterfaceOrientationLandscapeRight";
				INFOPLIST_KEY_UISupportedInterfaceOrientations_iPhone = "UIInterfaceOrientationPortrait UIInterfaceOrientationLandscapeLeft UIInterfaceOrientationLandscapeRight";
				IPHONEOS_DEPLOYMENT_TARGET = 12.0;
				LD_RUNPATH_SEARCH_PATHS = (
					"$(inherited)",
					"@executable_path/Frameworks",
				);
				MARKETING_VERSION = 1.0;
				PRODUCT_BUNDLE_IDENTIFIER = com.tencent.tcccsdk.ios.demo;
				PRODUCT_NAME = "$(TARGET_NAME)";
				PROVISIONING_PROFILE_SPECIFIER = "";
				"PROVISIONING_PROFILE_SPECIFIER[sdk=iphoneos*]" = com.tencent.tcccsdk.ios.demo_Development_SignProvision;
				SUPPORTED_PLATFORMS = "iphoneos iphonesimulator";
				SUPPORTS_MACCATALYST = NO;
				SUPPORTS_MAC_DESIGNED_FOR_IPHONE_IPAD = NO;
				SUPPORTS_XR_DESIGNED_FOR_IPHONE_IPAD = NO;
				SWIFT_EMIT_LOC_STRINGS = YES;
				TARGETED_DEVICE_FAMILY = "1,2";
			};
			name = Debug;
		};
		E1C0C9DA2B2AA20900639C21 /* Release */ = {
			isa = XCBuildConfiguration;
			baseConfigurationReference = E72601F9D834C6D25B037BB5 /* Pods-tccc-agent-ios-example.release.xcconfig */;
			buildSettings = {
				ASSETCATALOG_COMPILER_APPICON_NAME = AppIcon;
				ASSETCATALOG_COMPILER_GLOBAL_ACCENT_COLOR_NAME = AccentColor;
				"CODE_SIGN_IDENTITY[sdk=iphoneos*]" = "iPhone Developer";
				CODE_SIGN_STYLE = Manual;
				CURRENT_PROJECT_VERSION = 1;
				DEVELOPMENT_TEAM = "";
				"DEVELOPMENT_TEAM[sdk=iphoneos*]" = FN2V63AD2J;
				GENERATE_INFOPLIST_FILE = YES;
				INFOPLIST_FILE = "tccc-agent-ios-example/Info.plist";
				INFOPLIST_KEY_NSMicrophoneUsageDescription = "需要访问麦克风，才可以正常通话";
				INFOPLIST_KEY_UIApplicationSupportsIndirectInputEvents = YES;
				INFOPLIST_KEY_UILaunchStoryboardName = LaunchScreen;
				INFOPLIST_KEY_UIMainStoryboardFile = Main;
				INFOPLIST_KEY_UISupportedInterfaceOrientations_iPad = "UIInterfaceOrientationPortrait UIInterfaceOrientationPortraitUpsideDown UIInterfaceOrientationLandscapeLeft UIInterfaceOrientationLandscapeRight";
				INFOPLIST_KEY_UISupportedInterfaceOrientations_iPhone = "UIInterfaceOrientationPortrait UIInterfaceOrientationLandscapeLeft UIInterfaceOrientationLandscapeRight";
				IPHONEOS_DEPLOYMENT_TARGET = 12.0;
				LD_RUNPATH_SEARCH_PATHS = (
					"$(inherited)",
					"@executable_path/Frameworks",
				);
				MARKETING_VERSION = 1.0;
				PRODUCT_BUNDLE_IDENTIFIER = com.tencent.tcccsdk.ios.demo;
				PRODUCT_NAME = "$(TARGET_NAME)";
				PROVISIONING_PROFILE_SPECIFIER = "";
				"PROVISIONING_PROFILE_SPECIFIER[sdk=iphoneos*]" = com.tencent.tcccsdk.ios.demo_Development_SignProvision;
				SUPPORTED_PLATFORMS = "iphoneos iphonesimulator";
				SUPPORTS_MACCATALYST = NO;
				SUPPORTS_MAC_DESIGNED_FOR_IPHONE_IPAD = NO;
				SUPPORTS_XR_DESIGNED_FOR_IPHONE_IPAD = NO;
				SWIFT_EMIT_LOC_STRINGS = YES;
				TARGETED_DEVICE_FAMILY = "1,2";
			};
			name = Release;
		};
/* End XCBuildConfiguration section */

/* Begin XCConfigurationList section */
		E1C0C9B72B2AA20700639C21 /* Build configuration list for PBXProject "tccc-agent-ios-example" */ = {
			isa = XCConfigurationList;
			buildConfigurations = (
				E1C0C9D62B2AA20900639C21 /* Debug */,
				E1C0C9D72B2AA20900639C21 /* Release */,
			);
			defaultConfigurationIsVisible = 0;
			defaultConfigurationName = Release;
		};
		E1C0C9D82B2AA20900639C21 /* Build configuration list for PBXNativeTarget "tccc-agent-ios-example" */ = {
			isa = XCConfigurationList;
			buildConfigurations = (
				E1C0C9D92B2AA20900639C21 /* Debug */,
				E1C0C9DA2B2AA20900639C21 /* Release */,
			);
			defaultConfigurationIsVisible = 0;
			defaultConfigurationName = Release;
		};
/* End XCConfigurationList section */

/* Begin XCVersionGroup section */
		E1C0C9CB2B2AA20700639C21 /* tccc_agent_ios_example.xcdatamodeld */ = {
			isa = XCVersionGroup;
			children = (
				E1C0C9CC2B2AA20700639C21 /* tccc_agent_ios_example.xcdatamodel */,
			);
			currentVersion = E1C0C9CC2B2AA20700639C21 /* tccc_agent_ios_example.xcdatamodel */;
			path = tccc_agent_ios_example.xcdatamodeld;
			sourceTree = "<group>";
			versionGroupType = wrapper.xcdatamodel;
		};
/* End XCVersionGroup section */
	};
	rootObject = E1C0C9B42B2AA20700639C21 /* Project object */;
}
